
Microsoft Visual Studio Solution File, Format Version 12.00
# Visual Studio Version 17
VisualStudioVersion = 17.9.34728.123
MinimumVisualStudioVersion = 10.0.40219.1
Project("{9A19103F-16F7-4668-BE54-9A1E7A4F7556}") = "Furni", "Furni\Furni.csproj", "{345A9908-5CAD-4F87-870D-FFC68D536F01}"
EndProject
Global
	GlobalSection(SolutionConfigurationPlatforms) = preSolution
		Debug|Any CPU = Debug|Any CPU
		Release|Any CPU = Release|Any CPU
	EndGlobalSection
	GlobalSection(ProjectConfigurationPlatforms) = postSolution
		{345A9908-5CAD-4F87-870D-FFC68D536F01}.Debug|Any CPU.ActiveCfg = Debug|Any CPU
		{345A9908-5CAD-4F87-870D-FFC68D536F01}.Debug|Any CPU.Build.0 = Debug|Any CPU
		{345A9908-5CAD-4F87-870D-FFC68D536F01}.Release|Any CPU.ActiveCfg = Release|Any CPU
		{345A9908-5CAD-4F87-870D-FFC68D536F01}.Release|Any CPU.Build.0 = Release|Any CPU
	EndGlobalSection
	GlobalSection(SolutionProperties) = preSolution
		HideSolutionNode = FALSE
	EndGlobalSection
	GlobalSection(ExtensibilityGlobals) = postSolution
		SolutionGuid = {9F3E01AB-99EC-44D8-AF9E-B436943BA712}
	EndGlobalSection
EndGlobal
